// !$*UTF8*$!
{
	archiveVersion = 1;
	classes = {
	};
	objectVersion = 55;
	objects = {

/* Begin PBXBuildFile section */
		041495B328B37B16005AA3FC /* DeviceUtility.swift in Sources */ = {isa = PBXBuildFile; fileRef = 041495B228B37B16005AA3FC /* DeviceUtility.swift */; };
		041DC7EA28811502003970A3 /* AppDelegate.swift in Sources */ = {isa = PBXBuildFile; fileRef = 041DC7E928811502003970A3 /* AppDelegate.swift */; };
		041DC7EC28811502003970A3 /* SceneDelegate.swift in Sources */ = {isa = PBXBuildFile; fileRef = 041DC7EB28811502003970A3 /* SceneDelegate.swift */; };
		041DC7F328811503003970A3 /* Assets.xcassets in Resources */ = {isa = PBXBuildFile; fileRef = 041DC7F228811503003970A3 /* Assets.xcassets */; };
		041DC7F628811503003970A3 /* LaunchScreen.storyboard in Resources */ = {isa = PBXBuildFile; fileRef = 041DC7F428811503003970A3 /* LaunchScreen.storyboard */; };
		041DC80128811503003970A3 /* SHSwiftHybirdCodeTests.swift in Sources */ = {isa = PBXBuildFile; fileRef = 041DC80028811503003970A3 /* SHSwiftHybirdCodeTests.swift */; };
		041DC80B28811503003970A3 /* SHSwiftHybirdCodeUITests.swift in Sources */ = {isa = PBXBuildFile; fileRef = 041DC80A28811503003970A3 /* SHSwiftHybirdCodeUITests.swift */; };
		041DC80D28811503003970A3 /* SHSwiftHybirdCodeUITestsLaunchTests.swift in Sources */ = {isa = PBXBuildFile; fileRef = 041DC80C28811503003970A3 /* SHSwiftHybirdCodeUITestsLaunchTests.swift */; };
		041DC81C28811734003970A3 /* MainView.swift in Sources */ = {isa = PBXBuildFile; fileRef = 041DC81B28811734003970A3 /* MainView.swift */; };
		041DC82028811AE4003970A3 /* ChapterIIIView.swift in Sources */ = {isa = PBXBuildFile; fileRef = 041DC81F28811AE4003970A3 /* ChapterIIIView.swift */; };
		041DC82428811CCD003970A3 /* MainViewController.swift in Sources */ = {isa = PBXBuildFile; fileRef = 041DC82328811CCD003970A3 /* MainViewController.swift */; };
		041DC82928813AFA003970A3 /* UIViewControllerExtension.swift in Sources */ = {isa = PBXBuildFile; fileRef = 041DC82828813AFA003970A3 /* UIViewControllerExtension.swift */; };
		041DC82B28813F09003970A3 /* ChapterIIIViewController.swift in Sources */ = {isa = PBXBuildFile; fileRef = 041DC82A28813F09003970A3 /* ChapterIIIViewController.swift */; };
		041DC82E288148DD003970A3 /* ChapterIVViewController.swift in Sources */ = {isa = PBXBuildFile; fileRef = 041DC82D288148DD003970A3 /* ChapterIVViewController.swift */; };
		041DC8302881492F003970A3 /* ChapterIVView.swift in Sources */ = {isa = PBXBuildFile; fileRef = 041DC82F2881492F003970A3 /* ChapterIVView.swift */; };
		041DC83528815E14003970A3 /* TopAppBarView.swift in Sources */ = {isa = PBXBuildFile; fileRef = 041DC83428815E14003970A3 /* TopAppBarView.swift */; };
		041DC83928815F3D003970A3 /* Debug.swift in Sources */ = {isa = PBXBuildFile; fileRef = 041DC83828815F3D003970A3 /* Debug.swift */; };
		041DC83D28815FDD003970A3 /* ColorExtension.swift in Sources */ = {isa = PBXBuildFile; fileRef = 041DC83C28815FDD003970A3 /* ColorExtension.swift */; };
		042A7D8A28BDFE1500F6A8E1 /* SubContentHomeViewController.swift in Sources */ = {isa = PBXBuildFile; fileRef = 042A7D8928BDFE1500F6A8E1 /* SubContentHomeViewController.swift */; };
		042A7D8C28BE015300F6A8E1 /* SubContentFavoriteViewController.swift in Sources */ = {isa = PBXBuildFile; fileRef = 042A7D8B28BE015300F6A8E1 /* SubContentFavoriteViewController.swift */; };
		042A7D8E28BE0A1100F6A8E1 /* SubContentProfileViewController.swift in Sources */ = {isa = PBXBuildFile; fileRef = 042A7D8D28BE0A1100F6A8E1 /* SubContentProfileViewController.swift */; };
		042A7D9128C5DEF100F6A8E1 /* MVVMExampleViewController.swift in Sources */ = {isa = PBXBuildFile; fileRef = 042A7D9028C5DEF100F6A8E1 /* MVVMExampleViewController.swift */; };
		042A7D9328C5DEF900F6A8E1 /* MVVMExampleViewModel.swift in Sources */ = {isa = PBXBuildFile; fileRef = 042A7D9228C5DEF900F6A8E1 /* MVVMExampleViewModel.swift */; };
		042A7D9528C5DF0800F6A8E1 /* MVVMExampleView.swift in Sources */ = {isa = PBXBuildFile; fileRef = 042A7D9428C5DF0800F6A8E1 /* MVVMExampleView.swift */; };
		042A7D9728C6311800F6A8E1 /* MVVMExampleModel.swift in Sources */ = {isa = PBXBuildFile; fileRef = 042A7D9628C6311800F6A8E1 /* MVVMExampleModel.swift */; };
		04383B5C28C709ED00989D2E /* SubContentFavoriteView.swift in Sources */ = {isa = PBXBuildFile; fileRef = 04383B5B28C709ED00989D2E /* SubContentFavoriteView.swift */; };
		04383B5F28C71A5000989D2E /* CustomCameraExampleViewController.swift in Sources */ = {isa = PBXBuildFile; fileRef = 04383B5E28C71A5000989D2E /* CustomCameraExampleViewController.swift */; };
		04383B6128C71E6100989D2E /* CustomCameraExampleView.swift in Sources */ = {isa = PBXBuildFile; fileRef = 04383B6028C71E6100989D2E /* CustomCameraExampleView.swift */; };
		04383B6328C72E4100989D2E /* CustomCameraExampleViewModel.swift in Sources */ = {isa = PBXBuildFile; fileRef = 04383B6228C72E4100989D2E /* CustomCameraExampleViewModel.swift */; };
		04383B6628C7407000989D2E /* ThreadUtility.swift in Sources */ = {isa = PBXBuildFile; fileRef = 04383B6528C7407000989D2E /* ThreadUtility.swift */; };
		04383B6928C88EC500989D2E /* CVRCameraViewController.swift in Sources */ = {isa = PBXBuildFile; fileRef = 04383B6828C88EC500989D2E /* CVRCameraViewController.swift */; };
		04383B6B28C88F1000989D2E /* CVRCameraView.swift in Sources */ = {isa = PBXBuildFile; fileRef = 04383B6A28C88F1000989D2E /* CVRCameraView.swift */; };
		04383B6D28C88F1B00989D2E /* CVRCameraViewModel.swift in Sources */ = {isa = PBXBuildFile; fileRef = 04383B6C28C88F1B00989D2E /* CVRCameraViewModel.swift */; };
		04383B7028C8903100989D2E /* CVRPreviewViewController.swift in Sources */ = {isa = PBXBuildFile; fileRef = 04383B6F28C8903100989D2E /* CVRPreviewViewController.swift */; };
		04383B7228C8903900989D2E /* CVRPreviewView.swift in Sources */ = {isa = PBXBuildFile; fileRef = 04383B7128C8903900989D2E /* CVRPreviewView.swift */; };
		04383B7428C8904200989D2E /* CVRPreviewViewModel.swift in Sources */ = {isa = PBXBuildFile; fileRef = 04383B7328C8904200989D2E /* CVRPreviewViewModel.swift */; };
		044A4A0928F03D7B00F79A94 /* StateObjectAndObservedObjectExampleViewController.swift in Sources */ = {isa = PBXBuildFile; fileRef = 044A4A0828F03D7B00F79A94 /* StateObjectAndObservedObjectExampleViewController.swift */; };
		044A4A0B28F071D100F79A94 /* SOAOOExampleViewModel.swift in Sources */ = {isa = PBXBuildFile; fileRef = 044A4A0A28F071D100F79A94 /* SOAOOExampleViewModel.swift */; };
		044A4A0D28F0732600F79A94 /* StateObjectAndObservedObjectExampleView.swift in Sources */ = {isa = PBXBuildFile; fileRef = 044A4A0C28F0732600F79A94 /* StateObjectAndObservedObjectExampleView.swift */; };
		044A4A1228F2AF3300F79A94 /* CustomCameraTestViewController.swift in Sources */ = {isa = PBXBuildFile; fileRef = 044A4A1128F2AF3300F79A94 /* CustomCameraTestViewController.swift */; };
		044A4A1428F2AF7C00F79A94 /* CustomCameraTestView.swift in Sources */ = {isa = PBXBuildFile; fileRef = 044A4A1328F2AF7C00F79A94 /* CustomCameraTestView.swift */; };
		04688F8D28827C43002F32D2 /* ChapterIVHomeworkViewController.swift in Sources */ = {isa = PBXBuildFile; fileRef = 04688F8C28827C43002F32D2 /* ChapterIVHomeworkViewController.swift */; };
		04688F8F28827C50002F32D2 /* ChapterIVHomeworkView.swift in Sources */ = {isa = PBXBuildFile; fileRef = 04688F8E28827C50002F32D2 /* ChapterIVHomeworkView.swift */; };
		04688F922882D3BF002F32D2 /* ChapterVIViewController.swift in Sources */ = {isa = PBXBuildFile; fileRef = 04688F912882D3BF002F32D2 /* ChapterVIViewController.swift */; };
		04688F942882D3C8002F32D2 /* ChapterVIView.swift in Sources */ = {isa = PBXBuildFile; fileRef = 04688F932882D3C8002F32D2 /* ChapterVIView.swift */; };
		04688F9728893F9D002F32D2 /* RestaurantListViewController.swift in Sources */ = {isa = PBXBuildFile; fileRef = 04688F9628893F9D002F32D2 /* RestaurantListViewController.swift */; };
		04688F99288940FD002F32D2 /* RestaurantListView.swift in Sources */ = {isa = PBXBuildFile; fileRef = 04688F98288940FD002F32D2 /* RestaurantListView.swift */; };
		04688F9C288942ED002F32D2 /* RestaurantModel.swift in Sources */ = {isa = PBXBuildFile; fileRef = 04688F9B288942ED002F32D2 /* RestaurantModel.swift */; };
		04688FA128894D87002F32D2 /* Nunito-Regular.ttf in Resources */ = {isa = PBXBuildFile; fileRef = 04688F9F28894D87002F32D2 /* Nunito-Regular.ttf */; };
		04688FA228894D87002F32D2 /* Nunito-Bold.ttf in Resources */ = {isa = PBXBuildFile; fileRef = 04688FA028894D87002F32D2 /* Nunito-Bold.ttf */; };
		04688FA5289027CD002F32D2 /* ActivityView.swift in Sources */ = {isa = PBXBuildFile; fileRef = 04688FA4289027CD002F32D2 /* ActivityView.swift */; };
		04688FA8289178AD002F32D2 /* RestaurantDetailViewController.swift in Sources */ = {isa = PBXBuildFile; fileRef = 04688FA7289178AD002F32D2 /* RestaurantDetailViewController.swift */; };
		04688FAA289178BC002F32D2 /* RestaurantDetailView.swift in Sources */ = {isa = PBXBuildFile; fileRef = 04688FA9289178BC002F32D2 /* RestaurantDetailView.swift */; };
		04688FAE28927F98002F32D2 /* MapView.swift in Sources */ = {isa = PBXBuildFile; fileRef = 04688FAD28927F98002F32D2 /* MapView.swift */; };
		04A8288328D0B2EA00D92AAC /* ImageSimilarityViewController.swift in Sources */ = {isa = PBXBuildFile; fileRef = 04A8288228D0B2EA00D92AAC /* ImageSimilarityViewController.swift */; };
		04A8288728D0B3BF00D92AAC /* SwiftUIBasicViewController.swift in Sources */ = {isa = PBXBuildFile; fileRef = 04A8288628D0B3BF00D92AAC /* SwiftUIBasicViewController.swift */; };
		04A8288928D0B3C800D92AAC /* SwiftUIBasicView.swift in Sources */ = {isa = PBXBuildFile; fileRef = 04A8288828D0B3C800D92AAC /* SwiftUIBasicView.swift */; };
		04A8288B28D0B42A00D92AAC /* ZStackExampleView.swift in Sources */ = {isa = PBXBuildFile; fileRef = 04A8288A28D0B42A00D92AAC /* ZStackExampleView.swift */; };
		04A8288E28D0B59B00D92AAC /* ScrollExample.swift in Sources */ = {isa = PBXBuildFile; fileRef = 04A8288D28D0B59B00D92AAC /* ScrollExample.swift */; };
		04A8289128D0B65B00D92AAC /* VStackExample.swift in Sources */ = {isa = PBXBuildFile; fileRef = 04A8289028D0B65B00D92AAC /* VStackExample.swift */; };
		04A8289428D0B8BB00D92AAC /* SpacerExample.swift in Sources */ = {isa = PBXBuildFile; fileRef = 04A8289328D0B8BB00D92AAC /* SpacerExample.swift */; };
		04A8289728D0B96400D92AAC /* HStackExample.swift in Sources */ = {isa = PBXBuildFile; fileRef = 04A8289628D0B96400D92AAC /* HStackExample.swift */; };
		04A8289C28D0BC7F00D92AAC /* ScrollViewReaderExample.swift in Sources */ = {isa = PBXBuildFile; fileRef = 04A8289B28D0BC7F00D92AAC /* ScrollViewReaderExample.swift */; };
		04B5559C28B476ED0031EEE6 /* ChapterXXViewController.swift in Sources */ = {isa = PBXBuildFile; fileRef = 04B5559B28B476ED0031EEE6 /* ChapterXXViewController.swift */; };
		04B5559E28B476F40031EEE6 /* ChapterXXView.swift in Sources */ = {isa = PBXBuildFile; fileRef = 04B5559D28B476F40031EEE6 /* ChapterXXView.swift */; };
		04B555B828B5B1E10031EEE6 /* PressAbleButtonViewController.swift in Sources */ = {isa = PBXBuildFile; fileRef = 04B555B728B5B1E10031EEE6 /* PressAbleButtonViewController.swift */; };
		04B555C428B5FA330031EEE6 /* FoundationViewController.swift in Sources */ = {isa = PBXBuildFile; fileRef = 04B555C328B5FA330031EEE6 /* FoundationViewController.swift */; };
		04B555C728B5FA820031EEE6 /* TextFieldView.swift in Sources */ = {isa = PBXBuildFile; fileRef = 04B555C628B5FA820031EEE6 /* TextFieldView.swift */; };
		04B555C928B5FF350031EEE6 /* ViewExtension.swift in Sources */ = {isa = PBXBuildFile; fileRef = 04B555C828B5FF350031EEE6 /* ViewExtension.swift */; };
		04B555E028BC99BB0031EEE6 /* JSONEncodeDecodeViewController.swift in Sources */ = {isa = PBXBuildFile; fileRef = 04B555DF28BC99BB0031EEE6 /* JSONEncodeDecodeViewController.swift */; };
		04B555F728BCB1730031EEE6 /* StateExampleViewController.swift in Sources */ = {isa = PBXBuildFile; fileRef = 04B555F628BCB1720031EEE6 /* StateExampleViewController.swift */; };
		04B555F928BCB28F0031EEE6 /* BindingExampleViewController.swift in Sources */ = {isa = PBXBuildFile; fileRef = 04B555F828BCB28F0031EEE6 /* BindingExampleViewController.swift */; };
		04B555FB28BCB3320031EEE6 /* EnvironmentObjectExampleAViewController.swift in Sources */ = {isa = PBXBuildFile; fileRef = 04B555FA28BCB3320031EEE6 /* EnvironmentObjectExampleAViewController.swift */; };
		04B555FD28BCB33A0031EEE6 /* EnvironmentObjectExampleBViewController.swift in Sources */ = {isa = PBXBuildFile; fileRef = 04B555FC28BCB33A0031EEE6 /* EnvironmentObjectExampleBViewController.swift */; };
		04B555FF28BCB3490031EEE6 /* EnvironmentObjectExampleModel.swift in Sources */ = {isa = PBXBuildFile; fileRef = 04B555FE28BCB3490031EEE6 /* EnvironmentObjectExampleModel.swift */; };
		04B5560328BCF4190031EEE6 /* SingletonExample.swift in Sources */ = {isa = PBXBuildFile; fileRef = 04B5560228BCF4190031EEE6 /* SingletonExample.swift */; };
		04B5560628BD9B5C0031EEE6 /* BottomNavigationExampleViewController.swift in Sources */ = {isa = PBXBuildFile; fileRef = 04B5560528BD9B5C0031EEE6 /* BottomNavigationExampleViewController.swift */; };
		04BAFD2E28979581005F6F49 /* DetailFullMapViewController.swift in Sources */ = {isa = PBXBuildFile; fileRef = 04BAFD2D28979581005F6F49 /* DetailFullMapViewController.swift */; };
		04BAFD302897958A005F6F49 /* DetailFullMapView.swift in Sources */ = {isa = PBXBuildFile; fileRef = 04BAFD2F2897958A005F6F49 /* DetailFullMapView.swift */; };
		04BAFD3528979C4C005F6F49 /* ReviewView.swift in Sources */ = {isa = PBXBuildFile; fileRef = 04BAFD3428979C4C005F6F49 /* ReviewView.swift */; };
/* End PBXBuildFile section */

/* Begin PBXContainerItemProxy section */
		041DC7FD28811503003970A3 /* PBXContainerItemProxy */ = {
			isa = PBXContainerItemProxy;
			containerPortal = 041DC7DE28811502003970A3 /* Project object */;
			proxyType = 1;
			remoteGlobalIDString = 041DC7E528811502003970A3;
			remoteInfo = SHSwiftHybirdCode;
		};
		041DC80728811503003970A3 /* PBXContainerItemProxy */ = {
			isa = PBXContainerItemProxy;
			containerPortal = 041DC7DE28811502003970A3 /* Project object */;
			proxyType = 1;
			remoteGlobalIDString = 041DC7E528811502003970A3;
			remoteInfo = SHSwiftHybirdCode;
		};
/* End PBXContainerItemProxy section */

/* Begin PBXFileReference section */
		041495B228B37B16005AA3FC /* DeviceUtility.swift */ = {isa = PBXFileReference; lastKnownFileType = sourcecode.swift; path = DeviceUtility.swift; sourceTree = "<group>"; };
		041DC7E628811502003970A3 /* SHSwiftHybirdCode.app */ = {isa = PBXFileReference; explicitFileType = wrapper.application; includeInIndex = 0; path = SHSwiftHybirdCode.app; sourceTree = BUILT_PRODUCTS_DIR; };
		041DC7E928811502003970A3 /* AppDelegate.swift */ = {isa = PBXFileReference; lastKnownFileType = sourcecode.swift; path = AppDelegate.swift; sourceTree = "<group>"; };
		041DC7EB28811502003970A3 /* SceneDelegate.swift */ = {isa = PBXFileReference; lastKnownFileType = sourcecode.swift; path = SceneDelegate.swift; sourceTree = "<group>"; };
		041DC7F228811503003970A3 /* Assets.xcassets */ = {isa = PBXFileReference; lastKnownFileType = folder.assetcatalog; path = Assets.xcassets; sourceTree = "<group>"; };
		041DC7F528811503003970A3 /* Base */ = {isa = PBXFileReference; lastKnownFileType = file.storyboard; name = Base; path = Base.lproj/LaunchScreen.storyboard; sourceTree = "<group>"; };
		041DC7F728811503003970A3 /* Info.plist */ = {isa = PBXFileReference; lastKnownFileType = text.plist.xml; path = Info.plist; sourceTree = "<group>"; };
		041DC7FC28811503003970A3 /* SHSwiftHybirdCodeTests.xctest */ = {isa = PBXFileReference; explicitFileType = wrapper.cfbundle; includeInIndex = 0; path = SHSwiftHybirdCodeTests.xctest; sourceTree = BUILT_PRODUCTS_DIR; };
		041DC80028811503003970A3 /* SHSwiftHybirdCodeTests.swift */ = {isa = PBXFileReference; lastKnownFileType = sourcecode.swift; path = SHSwiftHybirdCodeTests.swift; sourceTree = "<group>"; };
		041DC80628811503003970A3 /* SHSwiftHybirdCodeUITests.xctest */ = {isa = PBXFileReference; explicitFileType = wrapper.cfbundle; includeInIndex = 0; path = SHSwiftHybirdCodeUITests.xctest; sourceTree = BUILT_PRODUCTS_DIR; };
		041DC80A28811503003970A3 /* SHSwiftHybirdCodeUITests.swift */ = {isa = PBXFileReference; lastKnownFileType = sourcecode.swift; path = SHSwiftHybirdCodeUITests.swift; sourceTree = "<group>"; };
		041DC80C28811503003970A3 /* SHSwiftHybirdCodeUITestsLaunchTests.swift */ = {isa = PBXFileReference; lastKnownFileType = sourcecode.swift; path = SHSwiftHybirdCodeUITestsLaunchTests.swift; sourceTree = "<group>"; };
		041DC81B28811734003970A3 /* MainView.swift */ = {isa = PBXFileReference; lastKnownFileType = sourcecode.swift; path = MainView.swift; sourceTree = "<group>"; };
		041DC81F28811AE4003970A3 /* ChapterIIIView.swift */ = {isa = PBXFileReference; lastKnownFileType = sourcecode.swift; path = ChapterIIIView.swift; sourceTree = "<group>"; };
		041DC82328811CCD003970A3 /* MainViewController.swift */ = {isa = PBXFileReference; lastKnownFileType = sourcecode.swift; path = MainViewController.swift; sourceTree = "<group>"; };
		041DC82828813AFA003970A3 /* UIViewControllerExtension.swift */ = {isa = PBXFileReference; lastKnownFileType = sourcecode.swift; path = UIViewControllerExtension.swift; sourceTree = "<group>"; };
		041DC82A28813F09003970A3 /* ChapterIIIViewController.swift */ = {isa = PBXFileReference; lastKnownFileType = sourcecode.swift; path = ChapterIIIViewController.swift; sourceTree = "<group>"; };
		041DC82D288148DD003970A3 /* ChapterIVViewController.swift */ = {isa = PBXFileReference; lastKnownFileType = sourcecode.swift; path = ChapterIVViewController.swift; sourceTree = "<group>"; };
		041DC82F2881492F003970A3 /* ChapterIVView.swift */ = {isa = PBXFileReference; lastKnownFileType = sourcecode.swift; path = ChapterIVView.swift; sourceTree = "<group>"; };
		041DC83428815E14003970A3 /* TopAppBarView.swift */ = {isa = PBXFileReference; lastKnownFileType = sourcecode.swift; path = TopAppBarView.swift; sourceTree = "<group>"; };
		041DC83828815F3D003970A3 /* Debug.swift */ = {isa = PBXFileReference; lastKnownFileType = sourcecode.swift; path = Debug.swift; sourceTree = "<group>"; };
		041DC83C28815FDD003970A3 /* ColorExtension.swift */ = {isa = PBXFileReference; lastKnownFileType = sourcecode.swift; path = ColorExtension.swift; sourceTree = "<group>"; };
		042A7D8928BDFE1500F6A8E1 /* SubContentHomeViewController.swift */ = {isa = PBXFileReference; lastKnownFileType = sourcecode.swift; path = SubContentHomeViewController.swift; sourceTree = "<group>"; };
		042A7D8B28BE015300F6A8E1 /* SubContentFavoriteViewController.swift */ = {isa = PBXFileReference; lastKnownFileType = sourcecode.swift; path = SubContentFavoriteViewController.swift; sourceTree = "<group>"; };
		042A7D8D28BE0A1100F6A8E1 /* SubContentProfileViewController.swift */ = {isa = PBXFileReference; lastKnownFileType = sourcecode.swift; path = SubContentProfileViewController.swift; sourceTree = "<group>"; };
		042A7D9028C5DEF100F6A8E1 /* MVVMExampleViewController.swift */ = {isa = PBXFileReference; lastKnownFileType = sourcecode.swift; path = MVVMExampleViewController.swift; sourceTree = "<group>"; };
		042A7D9228C5DEF900F6A8E1 /* MVVMExampleViewModel.swift */ = {isa = PBXFileReference; lastKnownFileType = sourcecode.swift; path = MVVMExampleViewModel.swift; sourceTree = "<group>"; };
		042A7D9428C5DF0800F6A8E1 /* MVVMExampleView.swift */ = {isa = PBXFileReference; lastKnownFileType = sourcecode.swift; path = MVVMExampleView.swift; sourceTree = "<group>"; };
		042A7D9628C6311800F6A8E1 /* MVVMExampleModel.swift */ = {isa = PBXFileReference; lastKnownFileType = sourcecode.swift; path = MVVMExampleModel.swift; sourceTree = "<group>"; };
		04383B5B28C709ED00989D2E /* SubContentFavoriteView.swift */ = {isa = PBXFileReference; lastKnownFileType = sourcecode.swift; path = SubContentFavoriteView.swift; sourceTree = "<group>"; };
		04383B5E28C71A5000989D2E /* CustomCameraExampleViewController.swift */ = {isa = PBXFileReference; lastKnownFileType = sourcecode.swift; path = CustomCameraExampleViewController.swift; sourceTree = "<group>"; };
		04383B6028C71E6100989D2E /* CustomCameraExampleView.swift */ = {isa = PBXFileReference; lastKnownFileType = sourcecode.swift; path = CustomCameraExampleView.swift; sourceTree = "<group>"; };
		04383B6228C72E4100989D2E /* CustomCameraExampleViewModel.swift */ = {isa = PBXFileReference; lastKnownFileType = sourcecode.swift; path = CustomCameraExampleViewModel.swift; sourceTree = "<group>"; };
		04383B6528C7407000989D2E /* ThreadUtility.swift */ = {isa = PBXFileReference; lastKnownFileType = sourcecode.swift; path = ThreadUtility.swift; sourceTree = "<group>"; };
		04383B6828C88EC500989D2E /* CVRCameraViewController.swift */ = {isa = PBXFileReference; lastKnownFileType = sourcecode.swift; path = CVRCameraViewController.swift; sourceTree = "<group>"; };
		04383B6A28C88F1000989D2E /* CVRCameraView.swift */ = {isa = PBXFileReference; lastKnownFileType = sourcecode.swift; path = CVRCameraView.swift; sourceTree = "<group>"; };
		04383B6C28C88F1B00989D2E /* CVRCameraViewModel.swift */ = {isa = PBXFileReference; lastKnownFileType = sourcecode.swift; path = CVRCameraViewModel.swift; sourceTree = "<group>"; };
		04383B6F28C8903100989D2E /* CVRPreviewViewController.swift */ = {isa = PBXFileReference; lastKnownFileType = sourcecode.swift; path = CVRPreviewViewController.swift; sourceTree = "<group>"; };
		04383B7128C8903900989D2E /* CVRPreviewView.swift */ = {isa = PBXFileReference; lastKnownFileType = sourcecode.swift; path = CVRPreviewView.swift; sourceTree = "<group>"; };
		04383B7328C8904200989D2E /* CVRPreviewViewModel.swift */ = {isa = PBXFileReference; lastKnownFileType = sourcecode.swift; path = CVRPreviewViewModel.swift; sourceTree = "<group>"; };
		044A4A0828F03D7B00F79A94 /* StateObjectAndObservedObjectExampleViewController.swift */ = {isa = PBXFileReference; lastKnownFileType = sourcecode.swift; path = StateObjectAndObservedObjectExampleViewController.swift; sourceTree = "<group>"; };
		044A4A0A28F071D100F79A94 /* SOAOOExampleViewModel.swift */ = {isa = PBXFileReference; lastKnownFileType = sourcecode.swift; path = SOAOOExampleViewModel.swift; sourceTree = "<group>"; };
		044A4A0C28F0732600F79A94 /* StateObjectAndObservedObjectExampleView.swift */ = {isa = PBXFileReference; lastKnownFileType = sourcecode.swift; path = StateObjectAndObservedObjectExampleView.swift; sourceTree = "<group>"; };
		044A4A1128F2AF3300F79A94 /* CustomCameraTestViewController.swift */ = {isa = PBXFileReference; lastKnownFileType = sourcecode.swift; path = CustomCameraTestViewController.swift; sourceTree = "<group>"; };
		044A4A1328F2AF7C00F79A94 /* CustomCameraTestView.swift */ = {isa = PBXFileReference; lastKnownFileType = sourcecode.swift; path = CustomCameraTestView.swift; sourceTree = "<group>"; };
		04688F8C28827C43002F32D2 /* ChapterIVHomeworkViewController.swift */ = {isa = PBXFileReference; lastKnownFileType = sourcecode.swift; path = ChapterIVHomeworkViewController.swift; sourceTree = "<group>"; };
		04688F8E28827C50002F32D2 /* ChapterIVHomeworkView.swift */ = {isa = PBXFileReference; lastKnownFileType = sourcecode.swift; path = ChapterIVHomeworkView.swift; sourceTree = "<group>"; };
		04688F912882D3BF002F32D2 /* ChapterVIViewController.swift */ = {isa = PBXFileReference; lastKnownFileType = sourcecode.swift; path = ChapterVIViewController.swift; sourceTree = "<group>"; };
		04688F932882D3C8002F32D2 /* ChapterVIView.swift */ = {isa = PBXFileReference; lastKnownFileType = sourcecode.swift; path = ChapterVIView.swift; sourceTree = "<group>"; };
		04688F9628893F9D002F32D2 /* RestaurantListViewController.swift */ = {isa = PBXFileReference; lastKnownFileType = sourcecode.swift; path = RestaurantListViewController.swift; sourceTree = "<group>"; };
		04688F98288940FD002F32D2 /* RestaurantListView.swift */ = {isa = PBXFileReference; lastKnownFileType = sourcecode.swift; path = RestaurantListView.swift; sourceTree = "<group>"; };
		04688F9B288942ED002F32D2 /* RestaurantModel.swift */ = {isa = PBXFileReference; lastKnownFileType = sourcecode.swift; path = RestaurantModel.swift; sourceTree = "<group>"; };
		04688F9F28894D87002F32D2 /* Nunito-Regular.ttf */ = {isa = PBXFileReference; lastKnownFileType = file; path = "Nunito-Regular.ttf"; sourceTree = "<group>"; };
		04688FA028894D87002F32D2 /* Nunito-Bold.ttf */ = {isa = PBXFileReference; lastKnownFileType = file; path = "Nunito-Bold.ttf"; sourceTree = "<group>"; };
		04688FA4289027CD002F32D2 /* ActivityView.swift */ = {isa = PBXFileReference; lastKnownFileType = sourcecode.swift; path = ActivityView.swift; sourceTree = "<group>"; };
		04688FA7289178AD002F32D2 /* RestaurantDetailViewController.swift */ = {isa = PBXFileReference; lastKnownFileType = sourcecode.swift; path = RestaurantDetailViewController.swift; sourceTree = "<group>"; };
		04688FA9289178BC002F32D2 /* RestaurantDetailView.swift */ = {isa = PBXFileReference; lastKnownFileType = sourcecode.swift; path = RestaurantDetailView.swift; sourceTree = "<group>"; };
		04688FAD28927F98002F32D2 /* MapView.swift */ = {isa = PBXFileReference; lastKnownFileType = sourcecode.swift; path = MapView.swift; sourceTree = "<group>"; };
		04A8288228D0B2EA00D92AAC /* ImageSimilarityViewController.swift */ = {isa = PBXFileReference; lastKnownFileType = sourcecode.swift; path = ImageSimilarityViewController.swift; sourceTree = "<group>"; };
		04A8288628D0B3BF00D92AAC /* SwiftUIBasicViewController.swift */ = {isa = PBXFileReference; lastKnownFileType = sourcecode.swift; path = SwiftUIBasicViewController.swift; sourceTree = "<group>"; };
		04A8288828D0B3C800D92AAC /* SwiftUIBasicView.swift */ = {isa = PBXFileReference; lastKnownFileType = sourcecode.swift; path = SwiftUIBasicView.swift; sourceTree = "<group>"; };
		04A8288A28D0B42A00D92AAC /* ZStackExampleView.swift */ = {isa = PBXFileReference; lastKnownFileType = sourcecode.swift; path = ZStackExampleView.swift; sourceTree = "<group>"; };
		04A8288D28D0B59B00D92AAC /* ScrollExample.swift */ = {isa = PBXFileReference; lastKnownFileType = sourcecode.swift; path = ScrollExample.swift; sourceTree = "<group>"; };
		04A8289028D0B65B00D92AAC /* VStackExample.swift */ = {isa = PBXFileReference; lastKnownFileType = sourcecode.swift; path = VStackExample.swift; sourceTree = "<group>"; };
		04A8289328D0B8BB00D92AAC /* SpacerExample.swift */ = {isa = PBXFileReference; lastKnownFileType = sourcecode.swift; path = SpacerExample.swift; sourceTree = "<group>"; };
		04A8289628D0B96400D92AAC /* HStackExample.swift */ = {isa = PBXFileReference; lastKnownFileType = sourcecode.swift; path = HStackExample.swift; sourceTree = "<group>"; };
		04A8289B28D0BC7F00D92AAC /* ScrollViewReaderExample.swift */ = {isa = PBXFileReference; lastKnownFileType = sourcecode.swift; path = ScrollViewReaderExample.swift; sourceTree = "<group>"; };
		04B5559B28B476ED0031EEE6 /* ChapterXXViewController.swift */ = {isa = PBXFileReference; lastKnownFileType = sourcecode.swift; path = ChapterXXViewController.swift; sourceTree = "<group>"; };
		04B5559D28B476F40031EEE6 /* ChapterXXView.swift */ = {isa = PBXFileReference; lastKnownFileType = sourcecode.swift; path = ChapterXXView.swift; sourceTree = "<group>"; };
		04B555B728B5B1E10031EEE6 /* PressAbleButtonViewController.swift */ = {isa = PBXFileReference; lastKnownFileType = sourcecode.swift; path = PressAbleButtonViewController.swift; sourceTree = "<group>"; };
		04B555C328B5FA330031EEE6 /* FoundationViewController.swift */ = {isa = PBXFileReference; lastKnownFileType = sourcecode.swift; path = FoundationViewController.swift; sourceTree = "<group>"; };
		04B555C628B5FA820031EEE6 /* TextFieldView.swift */ = {isa = PBXFileReference; lastKnownFileType = sourcecode.swift; path = TextFieldView.swift; sourceTree = "<group>"; };
		04B555C828B5FF350031EEE6 /* ViewExtension.swift */ = {isa = PBXFileReference; lastKnownFileType = sourcecode.swift; path = ViewExtension.swift; sourceTree = "<group>"; };
		04B555DF28BC99BB0031EEE6 /* JSONEncodeDecodeViewController.swift */ = {isa = PBXFileReference; lastKnownFileType = sourcecode.swift; path = JSONEncodeDecodeViewController.swift; sourceTree = "<group>"; };
		04B555F628BCB1720031EEE6 /* StateExampleViewController.swift */ = {isa = PBXFileReference; lastKnownFileType = sourcecode.swift; path = StateExampleViewController.swift; sourceTree = "<group>"; };
		04B555F828BCB28F0031EEE6 /* BindingExampleViewController.swift */ = {isa = PBXFileReference; lastKnownFileType = sourcecode.swift; path = BindingExampleViewController.swift; sourceTree = "<group>"; };
		04B555FA28BCB3320031EEE6 /* EnvironmentObjectExampleAViewController.swift */ = {isa = PBXFileReference; lastKnownFileType = sourcecode.swift; path = EnvironmentObjectExampleAViewController.swift; sourceTree = "<group>"; };
		04B555FC28BCB33A0031EEE6 /* EnvironmentObjectExampleBViewController.swift */ = {isa = PBXFileReference; lastKnownFileType = sourcecode.swift; path = EnvironmentObjectExampleBViewController.swift; sourceTree = "<group>"; };
		04B555FE28BCB3490031EEE6 /* EnvironmentObjectExampleModel.swift */ = {isa = PBXFileReference; lastKnownFileType = sourcecode.swift; path = EnvironmentObjectExampleModel.swift; sourceTree = "<group>"; };
		04B5560228BCF4190031EEE6 /* SingletonExample.swift */ = {isa = PBXFileReference; lastKnownFileType = sourcecode.swift; path = SingletonExample.swift; sourceTree = "<group>"; };
		04B5560528BD9B5C0031EEE6 /* BottomNavigationExampleViewController.swift */ = {isa = PBXFileReference; lastKnownFileType = sourcecode.swift; path = BottomNavigationExampleViewController.swift; sourceTree = "<group>"; };
		04BAFD2D28979581005F6F49 /* DetailFullMapViewController.swift */ = {isa = PBXFileReference; lastKnownFileType = sourcecode.swift; path = DetailFullMapViewController.swift; sourceTree = "<group>"; };
		04BAFD2F2897958A005F6F49 /* DetailFullMapView.swift */ = {isa = PBXFileReference; lastKnownFileType = sourcecode.swift; path = DetailFullMapView.swift; sourceTree = "<group>"; };
		04BAFD3428979C4C005F6F49 /* ReviewView.swift */ = {isa = PBXFileReference; lastKnownFileType = sourcecode.swift; path = ReviewView.swift; sourceTree = "<group>"; };
/* End PBXFileReference section */

/* Begin PBXFrameworksBuildPhase section */
		041DC7E328811502003970A3 /* Frameworks */ = {
			isa = PBXFrameworksBuildPhase;
			buildActionMask = 2147483647;
			files = (
			);
			runOnlyForDeploymentPostprocessing = 0;
		};
		041DC7F928811503003970A3 /* Frameworks */ = {
			isa = PBXFrameworksBuildPhase;
			buildActionMask = 2147483647;
			files = (
			);
			runOnlyForDeploymentPostprocessing = 0;
		};
		041DC80328811503003970A3 /* Frameworks */ = {
			isa = PBXFrameworksBuildPhase;
			buildActionMask = 2147483647;
			files = (
			);
			runOnlyForDeploymentPostprocessing = 0;
		};
/* End PBXFrameworksBuildPhase section */

/* Begin PBXGroup section */
		041495B028B37AFF005AA3FC /* Device */ = {
			isa = PBXGroup;
			children = (
				041495B228B37B16005AA3FC /* DeviceUtility.swift */,
			);
			path = Device;
			sourceTree = "<group>";
		};
		041DC7DD28811502003970A3 = {
			isa = PBXGroup;
			children = (
				041DC7E828811502003970A3 /* SHSwiftHybirdCode */,
				041DC7FF28811503003970A3 /* SHSwiftHybirdCodeTests */,
				041DC80928811503003970A3 /* SHSwiftHybirdCodeUITests */,
				041DC7E728811502003970A3 /* Products */,
			);
			sourceTree = "<group>";
		};
		041DC7E728811502003970A3 /* Products */ = {
			isa = PBXGroup;
			children = (
				041DC7E628811502003970A3 /* SHSwiftHybirdCode.app */,
				041DC7FC28811503003970A3 /* SHSwiftHybirdCodeTests.xctest */,
				041DC80628811503003970A3 /* SHSwiftHybirdCodeUITests.xctest */,
			);
			name = Products;
			sourceTree = "<group>";
		};
		041DC7E828811502003970A3 /* SHSwiftHybirdCode */ = {
			isa = PBXGroup;
			children = (
				04A8288428D0B39000D92AAC /* SwiftUIBasic */,
				04B555B528B5B1C90031EEE6 /* Examples */,
				041DC83128815DF0003970A3 /* Common */,
				041DC82528813AD1003970A3 /* Framework */,
				041DC81D28811A8A003970A3 /* SwiftUIInAction */,
				041DC81A288116F2003970A3 /* Application */,
				041DC819288116ED003970A3 /* Main */,
				041DC7F228811503003970A3 /* Assets.xcassets */,
				041DC7F428811503003970A3 /* LaunchScreen.storyboard */,
				041DC7F728811503003970A3 /* Info.plist */,
			);
			path = SHSwiftHybirdCode;
			sourceTree = "<group>";
		};
		041DC7FF28811503003970A3 /* SHSwiftHybirdCodeTests */ = {
			isa = PBXGroup;
			children = (
				041DC80028811503003970A3 /* SHSwiftHybirdCodeTests.swift */,
			);
			path = SHSwiftHybirdCodeTests;
			sourceTree = "<group>";
		};
		041DC80928811503003970A3 /* SHSwiftHybirdCodeUITests */ = {
			isa = PBXGroup;
			children = (
				041DC80A28811503003970A3 /* SHSwiftHybirdCodeUITests.swift */,
				041DC80C28811503003970A3 /* SHSwiftHybirdCodeUITestsLaunchTests.swift */,
			);
			path = SHSwiftHybirdCodeUITests;
			sourceTree = "<group>";
		};
		041DC819288116ED003970A3 /* Main */ = {
			isa = PBXGroup;
			children = (
				041DC81B28811734003970A3 /* MainView.swift */,
				041DC82328811CCD003970A3 /* MainViewController.swift */,
			);
			path = Main;
			sourceTree = "<group>";
		};
		041DC81A288116F2003970A3 /* Application */ = {
			isa = PBXGroup;
			children = (
				041DC7E928811502003970A3 /* AppDelegate.swift */,
				041DC7EB28811502003970A3 /* SceneDelegate.swift */,
			);
			path = Application;
			sourceTree = "<group>";
		};
		041DC81D28811A8A003970A3 /* SwiftUIInAction */ = {
			isa = PBXGroup;
			children = (
				04B5559A28B476C00031EEE6 /* ChapterXX */,
				04688F9528893F83002F32D2 /* ChapterVII */,
				04688F902882D396002F32D2 /* ChapterVI */,
				041DC82C288148CB003970A3 /* ChapterIV */,
				041DC81E28811AC8003970A3 /* ChapterIII */,
			);
			path = SwiftUIInAction;
			sourceTree = "<group>";
		};
		041DC81E28811AC8003970A3 /* ChapterIII */ = {
			isa = PBXGroup;
			children = (
				041DC81F28811AE4003970A3 /* ChapterIIIView.swift */,
				041DC82A28813F09003970A3 /* ChapterIIIViewController.swift */,
			);
			path = ChapterIII;
			sourceTree = "<group>";
		};
		041DC82528813AD1003970A3 /* Framework */ = {
			isa = PBXGroup;
			children = (
				041DC83628815F26003970A3 /* Utility */,
				041DC82728813AE8003970A3 /* Extension */,
			);
			path = Framework;
			sourceTree = "<group>";
		};
		041DC82628813ADC003970A3 /* SwiftUI */ = {
			isa = PBXGroup;
			children = (
				041DC83C28815FDD003970A3 /* ColorExtension.swift */,
				04B555C828B5FF350031EEE6 /* ViewExtension.swift */,
			);
			path = SwiftUI;
			sourceTree = "<group>";
		};
		041DC82728813AE8003970A3 /* Extension */ = {
			isa = PBXGroup;
			children = (
				041DC82628813ADC003970A3 /* SwiftUI */,
				041DC82828813AFA003970A3 /* UIViewControllerExtension.swift */,
			);
			path = Extension;
			sourceTree = "<group>";
		};
		041DC82C288148CB003970A3 /* ChapterIV */ = {
			isa = PBXGroup;
			children = (
				04688F8B28827C26002F32D2 /* Homework */,
				04688F8A28827C19002F32D2 /* Tutorial */,
			);
			path = ChapterIV;
			sourceTree = "<group>";
		};
		041DC83128815DF0003970A3 /* Common */ = {
			isa = PBXGroup;
			children = (
				041DC83228815DF9003970A3 /* SwiftUI */,
			);
			path = Common;
			sourceTree = "<group>";
		};
		041DC83228815DF9003970A3 /* SwiftUI */ = {
			isa = PBXGroup;
			children = (
				041DC83328815E00003970A3 /* TopAppBarView */,
			);
			path = SwiftUI;
			sourceTree = "<group>";
		};
		041DC83328815E00003970A3 /* TopAppBarView */ = {
			isa = PBXGroup;
			children = (
				041DC83428815E14003970A3 /* TopAppBarView.swift */,
			);
			path = TopAppBarView;
			sourceTree = "<group>";
		};
		041DC83628815F26003970A3 /* Utility */ = {
			isa = PBXGroup;
			children = (
				04383B6428C7406800989D2E /* Thread */,
				041495B028B37AFF005AA3FC /* Device */,
				041DC83728815F32003970A3 /* Debug */,
			);
			path = Utility;
			sourceTree = "<group>";
		};
		041DC83728815F32003970A3 /* Debug */ = {
			isa = PBXGroup;
			children = (
				041DC83828815F3D003970A3 /* Debug.swift */,
			);
			path = Debug;
			sourceTree = "<group>";
		};
		042A7D8F28C5DECD00F6A8E1 /* MVVMExample */ = {
			isa = PBXGroup;
			children = (
				042A7D9028C5DEF100F6A8E1 /* MVVMExampleViewController.swift */,
				042A7D9228C5DEF900F6A8E1 /* MVVMExampleViewModel.swift */,
				042A7D9428C5DF0800F6A8E1 /* MVVMExampleView.swift */,
				042A7D9628C6311800F6A8E1 /* MVVMExampleModel.swift */,
			);
			path = MVVMExample;
			sourceTree = "<group>";
		};
		04383B5A28C709E000989D2E /* ViewModel */ = {
			isa = PBXGroup;
			children = (
				04383B5B28C709ED00989D2E /* SubContentFavoriteView.swift */,
			);
			path = ViewModel;
			sourceTree = "<group>";
		};
		04383B5D28C71A2900989D2E /* CustomCamera */ = {
			isa = PBXGroup;
			children = (
				04383B5E28C71A5000989D2E /* CustomCameraExampleViewController.swift */,
				04383B6028C71E6100989D2E /* CustomCameraExampleView.swift */,
				04383B6228C72E4100989D2E /* CustomCameraExampleViewModel.swift */,
			);
			path = CustomCamera;
			sourceTree = "<group>";
		};
		04383B6428C7406800989D2E /* Thread */ = {
			isa = PBXGroup;
			children = (
				04383B6528C7407000989D2E /* ThreadUtility.swift */,
			);
			path = Thread;
			sourceTree = "<group>";
		};
		04383B6728C88EA300989D2E /* CustomVideoRecordCamera */ = {
			isa = PBXGroup;
			children = (
				04383B6E28C8901600989D2E /* Preview */,
				04383B6828C88EC500989D2E /* CVRCameraViewController.swift */,
				04383B6A28C88F1000989D2E /* CVRCameraView.swift */,
				04383B6C28C88F1B00989D2E /* CVRCameraViewModel.swift */,
			);
			path = CustomVideoRecordCamera;
			sourceTree = "<group>";
		};
		04383B6E28C8901600989D2E /* Preview */ = {
			isa = PBXGroup;
			children = (
				04383B6F28C8903100989D2E /* CVRPreviewViewController.swift */,
				04383B7128C8903900989D2E /* CVRPreviewView.swift */,
				04383B7328C8904200989D2E /* CVRPreviewViewModel.swift */,
			);
			path = Preview;
			sourceTree = "<group>";
		};
		044A4A0728F03D1200F79A94 /* StateObjectAndObservedObjectExample */ = {
			isa = PBXGroup;
			children = (
				044A4A0828F03D7B00F79A94 /* StateObjectAndObservedObjectExampleViewController.swift */,
				044A4A0A28F071D100F79A94 /* SOAOOExampleViewModel.swift */,
				044A4A0C28F0732600F79A94 /* StateObjectAndObservedObjectExampleView.swift */,
			);
			path = StateObjectAndObservedObjectExample;
			sourceTree = "<group>";
		};
		044A4A0F28F10B9E00F79A94 /* NaverMap */ = {
			isa = PBXGroup;
			children = (
			);
			path = NaverMap;
			sourceTree = "<group>";
		};
		044A4A1028F2AF1000F79A94 /* CustomCameraTest */ = {
			isa = PBXGroup;
			children = (
				044A4A1128F2AF3300F79A94 /* CustomCameraTestViewController.swift */,
				044A4A1328F2AF7C00F79A94 /* CustomCameraTestView.swift */,
			);
			path = CustomCameraTest;
			sourceTree = "<group>";
		};
		04688F8A28827C19002F32D2 /* Tutorial */ = {
			isa = PBXGroup;
			children = (
				041DC82D288148DD003970A3 /* ChapterIVViewController.swift */,
				041DC82F2881492F003970A3 /* ChapterIVView.swift */,
			);
			path = Tutorial;
			sourceTree = "<group>";
		};
		04688F8B28827C26002F32D2 /* Homework */ = {
			isa = PBXGroup;
			children = (
				04688F8C28827C43002F32D2 /* ChapterIVHomeworkViewController.swift */,
				04688F8E28827C50002F32D2 /* ChapterIVHomeworkView.swift */,
			);
			path = Homework;
			sourceTree = "<group>";
		};
		04688F902882D396002F32D2 /* ChapterVI */ = {
			isa = PBXGroup;
			children = (
				04688F912882D3BF002F32D2 /* ChapterVIViewController.swift */,
				04688F932882D3C8002F32D2 /* ChapterVIView.swift */,
			);
			path = ChapterVI;
			sourceTree = "<group>";
		};
		04688F9528893F83002F32D2 /* ChapterVII */ = {
			isa = PBXGroup;
			children = (
				04BAFD3128979C3A005F6F49 /* Review */,
				04688FAC28927F7D002F32D2 /* Map */,
				04688FA62891787A002F32D2 /* Detail */,
				04688FA3289027B2002F32D2 /* ActivityView */,
				04688F9D28894D87002F32D2 /* Resources */,
				04688F9A288942C9002F32D2 /* Model */,
				04688F9628893F9D002F32D2 /* RestaurantListViewController.swift */,
				04688F98288940FD002F32D2 /* RestaurantListView.swift */,
			);
			path = ChapterVII;
			sourceTree = "<group>";
		};
		04688F9A288942C9002F32D2 /* Model */ = {
			isa = PBXGroup;
			children = (
				04688F9B288942ED002F32D2 /* RestaurantModel.swift */,
			);
			path = Model;
			sourceTree = "<group>";
		};
		04688F9D28894D87002F32D2 /* Resources */ = {
			isa = PBXGroup;
			children = (
				04688F9E28894D87002F32D2 /* Fonts */,
			);
			path = Resources;
			sourceTree = "<group>";
		};
		04688F9E28894D87002F32D2 /* Fonts */ = {
			isa = PBXGroup;
			children = (
				04688F9F28894D87002F32D2 /* Nunito-Regular.ttf */,
				04688FA028894D87002F32D2 /* Nunito-Bold.ttf */,
			);
			path = Fonts;
			sourceTree = "<group>";
		};
		04688FA3289027B2002F32D2 /* ActivityView */ = {
			isa = PBXGroup;
			children = (
				04688FA4289027CD002F32D2 /* ActivityView.swift */,
			);
			path = ActivityView;
			sourceTree = "<group>";
		};
		04688FA62891787A002F32D2 /* Detail */ = {
			isa = PBXGroup;
			children = (
				04BAFD2C28979560005F6F49 /* DetailFullMap */,
				04688FA7289178AD002F32D2 /* RestaurantDetailViewController.swift */,
				04688FA9289178BC002F32D2 /* RestaurantDetailView.swift */,
			);
			path = Detail;
			sourceTree = "<group>";
		};
		04688FAC28927F7D002F32D2 /* Map */ = {
			isa = PBXGroup;
			children = (
				04688FAD28927F98002F32D2 /* MapView.swift */,
			);
			path = Map;
			sourceTree = "<group>";
		};
		04A8288128D0B2D700D92AAC /* ImageSimilarity */ = {
			isa = PBXGroup;
			children = (
				04A8288228D0B2EA00D92AAC /* ImageSimilarityViewController.swift */,
			);
			path = ImageSimilarity;
			sourceTree = "<group>";
		};
		04A8288428D0B39000D92AAC /* SwiftUIBasic */ = {
			isa = PBXGroup;
			children = (
				04A8289A28D0BC6500D92AAC /* ScrollViewReaderExample */,
				04A8289528D0B95900D92AAC /* HStackExample */,
				04A8289228D0B8AE00D92AAC /* SpacerExample */,
				04A8288F28D0B64700D92AAC /* VStackExample */,
				04A8288C28D0B58800D92AAC /* ScrollViewExample */,
				04A8288528D0B39A00D92AAC /* ZStackExample */,
				04A8288628D0B3BF00D92AAC /* SwiftUIBasicViewController.swift */,
				04A8288828D0B3C800D92AAC /* SwiftUIBasicView.swift */,
			);
			path = SwiftUIBasic;
			sourceTree = "<group>";
		};
		04A8288528D0B39A00D92AAC /* ZStackExample */ = {
			isa = PBXGroup;
			children = (
				04A8288A28D0B42A00D92AAC /* ZStackExampleView.swift */,
			);
			path = ZStackExample;
			sourceTree = "<group>";
		};
		04A8288C28D0B58800D92AAC /* ScrollViewExample */ = {
			isa = PBXGroup;
			children = (
				04A8288D28D0B59B00D92AAC /* ScrollExample.swift */,
			);
			path = ScrollViewExample;
			sourceTree = "<group>";
		};
		04A8288F28D0B64700D92AAC /* VStackExample */ = {
			isa = PBXGroup;
			children = (
				04A8289028D0B65B00D92AAC /* VStackExample.swift */,
			);
			path = VStackExample;
			sourceTree = "<group>";
		};
		04A8289228D0B8AE00D92AAC /* SpacerExample */ = {
			isa = PBXGroup;
			children = (
				04A8289328D0B8BB00D92AAC /* SpacerExample.swift */,
			);
			path = SpacerExample;
			sourceTree = "<group>";
		};
		04A8289528D0B95900D92AAC /* HStackExample */ = {
			isa = PBXGroup;
			children = (
				04A8289628D0B96400D92AAC /* HStackExample.swift */,
			);
			path = HStackExample;
			sourceTree = "<group>";
		};
		04A8289A28D0BC6500D92AAC /* ScrollViewReaderExample */ = {
			isa = PBXGroup;
			children = (
				04A8289B28D0BC7F00D92AAC /* ScrollViewReaderExample.swift */,
			);
			path = ScrollViewReaderExample;
			sourceTree = "<group>";
		};
		04B5559A28B476C00031EEE6 /* ChapterXX */ = {
			isa = PBXGroup;
			children = (
				04B5559B28B476ED0031EEE6 /* ChapterXXViewController.swift */,
				04B5559D28B476F40031EEE6 /* ChapterXXView.swift */,
			);
			path = ChapterXX;
			sourceTree = "<group>";
		};
		04B555B528B5B1C90031EEE6 /* Examples */ = {
			isa = PBXGroup;
			children = (
				044A4A1028F2AF1000F79A94 /* CustomCameraTest */,
				044A4A0F28F10B9E00F79A94 /* NaverMap */,
				04A8288128D0B2D700D92AAC /* ImageSimilarity */,
				04383B6728C88EA300989D2E /* CustomVideoRecordCamera */,
				04383B5D28C71A2900989D2E /* CustomCamera */,
				042A7D8F28C5DECD00F6A8E1 /* MVVMExample */,
				04B5560428BD9B410031EEE6 /* BottomNavigation */,
				04B5560128BCF4020031EEE6 /* Singleton */,
				04B555F228BCB10A0031EEE6 /* PropertyWrapper */,
				04B555DE28BC99A60031EEE6 /* JSONEncodeDecode */,
				04B555C128B5F9FB0031EEE6 /* Foundation */,
				04B555B628B5B1D00031EEE6 /* PressAbleButton */,
			);
			path = Examples;
			sourceTree = "<group>";
		};
		04B555B628B5B1D00031EEE6 /* PressAbleButton */ = {
			isa = PBXGroup;
			children = (
				04B555B728B5B1E10031EEE6 /* PressAbleButtonViewController.swift */,
			);
			path = PressAbleButton;
			sourceTree = "<group>";
		};
		04B555C128B5F9FB0031EEE6 /* Foundation */ = {
			isa = PBXGroup;
			children = (
				04B555C528B5FA750031EEE6 /* TextField */,
				04B555C328B5FA330031EEE6 /* FoundationViewController.swift */,
			);
			path = Foundation;
			sourceTree = "<group>";
		};
		04B555C528B5FA750031EEE6 /* TextField */ = {
			isa = PBXGroup;
			children = (
				04B555C628B5FA820031EEE6 /* TextFieldView.swift */,
			);
			path = TextField;
			sourceTree = "<group>";
		};
		04B555DE28BC99A60031EEE6 /* JSONEncodeDecode */ = {
			isa = PBXGroup;
			children = (
				04B555DF28BC99BB0031EEE6 /* JSONEncodeDecodeViewController.swift */,
			);
			path = JSONEncodeDecode;
			sourceTree = "<group>";
		};
		04B555F228BCB10A0031EEE6 /* PropertyWrapper */ = {
			isa = PBXGroup;
			children = (
				044A4A0728F03D1200F79A94 /* StateObjectAndObservedObjectExample */,
				04B555F528BCB1610031EEE6 /* BindingExample */,
				04B555F428BCB11A0031EEE6 /* EnvironmentObjectExample */,
				04B555F328BCB1120031EEE6 /* StateExample */,
			);
			path = PropertyWrapper;
			sourceTree = "<group>";
		};
		04B555F328BCB1120031EEE6 /* StateExample */ = {
			isa = PBXGroup;
			children = (
				04B555F628BCB1720031EEE6 /* StateExampleViewController.swift */,
			);
			path = StateExample;
			sourceTree = "<group>";
		};
		04B555F428BCB11A0031EEE6 /* EnvironmentObjectExample */ = {
			isa = PBXGroup;
			children = (
				04B555FA28BCB3320031EEE6 /* EnvironmentObjectExampleAViewController.swift */,
				04B555FC28BCB33A0031EEE6 /* EnvironmentObjectExampleBViewController.swift */,
				04B555FE28BCB3490031EEE6 /* EnvironmentObjectExampleModel.swift */,
			);
			path = EnvironmentObjectExample;
			sourceTree = "<group>";
		};
		04B555F528BCB1610031EEE6 /* BindingExample */ = {
			isa = PBXGroup;
			children = (
				04B555F828BCB28F0031EEE6 /* BindingExampleViewController.swift */,
			);
			path = BindingExample;
			sourceTree = "<group>";
		};
		04B5560128BCF4020031EEE6 /* Singleton */ = {
			isa = PBXGroup;
			children = (
				04B5560228BCF4190031EEE6 /* SingletonExample.swift */,
			);
			path = Singleton;
			sourceTree = "<group>";
		};
		04B5560428BD9B410031EEE6 /* BottomNavigation */ = {
			isa = PBXGroup;
			children = (
				04383B5A28C709E000989D2E /* ViewModel */,
				04B5560728BD9E240031EEE6 /* SubContents */,
				04B5560528BD9B5C0031EEE6 /* BottomNavigationExampleViewController.swift */,
			);
			path = BottomNavigation;
			sourceTree = "<group>";
		};
		04B5560728BD9E240031EEE6 /* SubContents */ = {
			isa = PBXGroup;
			children = (
				042A7D8928BDFE1500F6A8E1 /* SubContentHomeViewController.swift */,
				042A7D8B28BE015300F6A8E1 /* SubContentFavoriteViewController.swift */,
				042A7D8D28BE0A1100F6A8E1 /* SubContentProfileViewController.swift */,
			);
			path = SubContents;
			sourceTree = "<group>";
		};
		04BAFD2C28979560005F6F49 /* DetailFullMap */ = {
			isa = PBXGroup;
			children = (
				04BAFD2D28979581005F6F49 /* DetailFullMapViewController.swift */,
				04BAFD2F2897958A005F6F49 /* DetailFullMapView.swift */,
			);
			path = DetailFullMap;
			sourceTree = "<group>";
		};
		04BAFD3128979C3A005F6F49 /* Review */ = {
			isa = PBXGroup;
			children = (
				04BAFD3428979C4C005F6F49 /* ReviewView.swift */,
			);
			path = Review;
			sourceTree = "<group>";
		};
/* End PBXGroup section */

/* Begin PBXNativeTarget section */
		041DC7E528811502003970A3 /* SHSwiftHybirdCode */ = {
			isa = PBXNativeTarget;
			buildConfigurationList = 041DC81028811503003970A3 /* Build configuration list for PBXNativeTarget "SHSwiftHybirdCode" */;
			buildPhases = (
				041DC7E228811502003970A3 /* Sources */,
				041DC7E328811502003970A3 /* Frameworks */,
				041DC7E428811502003970A3 /* Resources */,
			);
			buildRules = (
			);
			dependencies = (
			);
			name = SHSwiftHybirdCode;
			productName = SHSwiftHybirdCode;
			productReference = 041DC7E628811502003970A3 /* SHSwiftHybirdCode.app */;
			productType = "com.apple.product-type.application";
		};
		041DC7FB28811503003970A3 /* SHSwiftHybirdCodeTests */ = {
			isa = PBXNativeTarget;
			buildConfigurationList = 041DC81328811503003970A3 /* Build configuration list for PBXNativeTarget "SHSwiftHybirdCodeTests" */;
			buildPhases = (
				041DC7F828811503003970A3 /* Sources */,
				041DC7F928811503003970A3 /* Frameworks */,
				041DC7FA28811503003970A3 /* Resources */,
			);
			buildRules = (
			);
			dependencies = (
				041DC7FE28811503003970A3 /* PBXTargetDependency */,
			);
			name = SHSwiftHybirdCodeTests;
			productName = SHSwiftHybirdCodeTests;
			productReference = 041DC7FC28811503003970A3 /* SHSwiftHybirdCodeTests.xctest */;
			productType = "com.apple.product-type.bundle.unit-test";
		};
		041DC80528811503003970A3 /* SHSwiftHybirdCodeUITests */ = {
			isa = PBXNativeTarget;
			buildConfigurationList = 041DC81628811503003970A3 /* Build configuration list for PBXNativeTarget "SHSwiftHybirdCodeUITests" */;
			buildPhases = (
				041DC80228811503003970A3 /* Sources */,
				041DC80328811503003970A3 /* Frameworks */,
				041DC80428811503003970A3 /* Resources */,
			);
			buildRules = (
			);
			dependencies = (
				041DC80828811503003970A3 /* PBXTargetDependency */,
			);
			name = SHSwiftHybirdCodeUITests;
			productName = SHSwiftHybirdCodeUITests;
			productReference = 041DC80628811503003970A3 /* SHSwiftHybirdCodeUITests.xctest */;
			productType = "com.apple.product-type.bundle.ui-testing";
		};
/* End PBXNativeTarget section */

/* Begin PBXProject section */
		041DC7DE28811502003970A3 /* Project object */ = {
			isa = PBXProject;
			attributes = {
				BuildIndependentTargetsInParallel = 1;
				LastSwiftUpdateCheck = 1340;
				LastUpgradeCheck = 1340;
				TargetAttributes = {
					041DC7E528811502003970A3 = {
						CreatedOnToolsVersion = 13.4.1;
					};
					041DC7FB28811503003970A3 = {
						CreatedOnToolsVersion = 13.4.1;
						TestTargetID = 041DC7E528811502003970A3;
					};
					041DC80528811503003970A3 = {
						CreatedOnToolsVersion = 13.4.1;
						TestTargetID = 041DC7E528811502003970A3;
					};
				};
			};
			buildConfigurationList = 041DC7E128811502003970A3 /* Build configuration list for PBXProject "SHSwiftHybirdCode" */;
			compatibilityVersion = "Xcode 13.0";
			developmentRegion = en;
			hasScannedForEncodings = 0;
			knownRegions = (
				en,
				Base,
			);
			mainGroup = 041DC7DD28811502003970A3;
			productRefGroup = 041DC7E728811502003970A3 /* Products */;
			projectDirPath = "";
			projectRoot = "";
			targets = (
				041DC7E528811502003970A3 /* SHSwiftHybirdCode */,
				041DC7FB28811503003970A3 /* SHSwiftHybirdCodeTests */,
				041DC80528811503003970A3 /* SHSwiftHybirdCodeUITests */,
			);
		};
/* End PBXProject section */

/* Begin PBXResourcesBuildPhase section */
		041DC7E428811502003970A3 /* Resources */ = {
			isa = PBXResourcesBuildPhase;
			buildActionMask = 2147483647;
			files = (
				04688FA128894D87002F32D2 /* Nunito-Regular.ttf in Resources */,
				041DC7F628811503003970A3 /* LaunchScreen.storyboard in Resources */,
				04688FA228894D87002F32D2 /* Nunito-Bold.ttf in Resources */,
				041DC7F328811503003970A3 /* Assets.xcassets in Resources */,
			);
			runOnlyForDeploymentPostprocessing = 0;
		};
		041DC7FA28811503003970A3 /* Resources */ = {
			isa = PBXResourcesBuildPhase;
			buildActionMask = 2147483647;
			files = (
			);
			runOnlyForDeploymentPostprocessing = 0;
		};
		041DC80428811503003970A3 /* Resources */ = {
			isa = PBXResourcesBuildPhase;
			buildActionMask = 2147483647;
			files = (
			);
			runOnlyForDeploymentPostprocessing = 0;
		};
/* End PBXResourcesBuildPhase section */

/* Begin PBXSourcesBuildPhase section */
		041DC7E228811502003970A3 /* Sources */ = {
			isa = PBXSourcesBuildPhase;
			buildActionMask = 2147483647;
			files = (
				04B5560328BCF4190031EEE6 /* SingletonExample.swift in Sources */,
				04383B7228C8903900989D2E /* CVRPreviewView.swift in Sources */,
				044A4A1428F2AF7C00F79A94 /* CustomCameraTestView.swift in Sources */,
				04383B6628C7407000989D2E /* ThreadUtility.swift in Sources */,
				04688F9C288942ED002F32D2 /* RestaurantModel.swift in Sources */,
				04B555FD28BCB33A0031EEE6 /* EnvironmentObjectExampleBViewController.swift in Sources */,
				041DC82028811AE4003970A3 /* ChapterIIIView.swift in Sources */,
				042A7D9728C6311800F6A8E1 /* MVVMExampleModel.swift in Sources */,
				041DC7EA28811502003970A3 /* AppDelegate.swift in Sources */,
				04688F922882D3BF002F32D2 /* ChapterVIViewController.swift in Sources */,
				044A4A0D28F0732600F79A94 /* StateObjectAndObservedObjectExampleView.swift in Sources */,
				041DC83928815F3D003970A3 /* Debug.swift in Sources */,
				04B555C428B5FA330031EEE6 /* FoundationViewController.swift in Sources */,
				041DC83D28815FDD003970A3 /* ColorExtension.swift in Sources */,
				042A7D8E28BE0A1100F6A8E1 /* SubContentProfileViewController.swift in Sources */,
				04B555F728BCB1730031EEE6 /* StateExampleViewController.swift in Sources */,
				04A8288B28D0B42A00D92AAC /* ZStackExampleView.swift in Sources */,
				041DC82928813AFA003970A3 /* UIViewControllerExtension.swift in Sources */,
				041DC81C28811734003970A3 /* MainView.swift in Sources */,
				041DC8302881492F003970A3 /* ChapterIVView.swift in Sources */,
				04383B7028C8903100989D2E /* CVRPreviewViewController.swift in Sources */,
				04383B7428C8904200989D2E /* CVRPreviewViewModel.swift in Sources */,
				04BAFD3528979C4C005F6F49 /* ReviewView.swift in Sources */,
				04383B6128C71E6100989D2E /* CustomCameraExampleView.swift in Sources */,
				04BAFD302897958A005F6F49 /* DetailFullMapView.swift in Sources */,
				04A8288728D0B3BF00D92AAC /* SwiftUIBasicViewController.swift in Sources */,
				04383B6D28C88F1B00989D2E /* CVRCameraViewModel.swift in Sources */,
				04688FAE28927F98002F32D2 /* MapView.swift in Sources */,
				04688F8D28827C43002F32D2 /* ChapterIVHomeworkViewController.swift in Sources */,
				041DC82B28813F09003970A3 /* ChapterIIIViewController.swift in Sources */,
				041DC83528815E14003970A3 /* TopAppBarView.swift in Sources */,
				04BAFD2E28979581005F6F49 /* DetailFullMapViewController.swift in Sources */,
				04A8288928D0B3C800D92AAC /* SwiftUIBasicView.swift in Sources */,
				04688F9728893F9D002F32D2 /* RestaurantListViewController.swift in Sources */,
				044A4A0928F03D7B00F79A94 /* StateObjectAndObservedObjectExampleViewController.swift in Sources */,
				04B555F928BCB28F0031EEE6 /* BindingExampleViewController.swift in Sources */,
				04383B6328C72E4100989D2E /* CustomCameraExampleViewModel.swift in Sources */,
				042A7D9328C5DEF900F6A8E1 /* MVVMExampleViewModel.swift in Sources */,
				04B555FF28BCB3490031EEE6 /* EnvironmentObjectExampleModel.swift in Sources */,
				04A8289C28D0BC7F00D92AAC /* ScrollViewReaderExample.swift in Sources */,
				04B555C728B5FA820031EEE6 /* TextFieldView.swift in Sources */,
				04688FA5289027CD002F32D2 /* ActivityView.swift in Sources */,
				042A7D8C28BE015300F6A8E1 /* SubContentFavoriteViewController.swift in Sources */,
				041DC82E288148DD003970A3 /* ChapterIVViewController.swift in Sources */,
				041DC7EC28811502003970A3 /* SceneDelegate.swift in Sources */,
				04A8288E28D0B59B00D92AAC /* ScrollExample.swift in Sources */,
				04383B6B28C88F1000989D2E /* CVRCameraView.swift in Sources */,
				04B555B828B5B1E10031EEE6 /* PressAbleButtonViewController.swift in Sources */,
				04383B6928C88EC500989D2E /* CVRCameraViewController.swift in Sources */,
				041DC82428811CCD003970A3 /* MainViewController.swift in Sources */,
				04A8289128D0B65B00D92AAC /* VStackExample.swift in Sources */,
				04B555C928B5FF350031EEE6 /* ViewExtension.swift in Sources */,
				041495B328B37B16005AA3FC /* DeviceUtility.swift in Sources */,
				04383B5C28C709ED00989D2E /* SubContentFavoriteView.swift in Sources */,
				042A7D9128C5DEF100F6A8E1 /* MVVMExampleViewController.swift in Sources */,
				04688F99288940FD002F32D2 /* RestaurantListView.swift in Sources */,
				04B5559E28B476F40031EEE6 /* ChapterXXView.swift in Sources */,
				04B5560628BD9B5C0031EEE6 /* BottomNavigationExampleViewController.swift in Sources */,
				04688F8F28827C50002F32D2 /* ChapterIVHomeworkView.swift in Sources */,
				044A4A1228F2AF3300F79A94 /* CustomCameraTestViewController.swift in Sources */,
				04A8289728D0B96400D92AAC /* HStackExample.swift in Sources */,
				04688FA8289178AD002F32D2 /* RestaurantDetailViewController.swift in Sources */,
				042A7D8A28BDFE1500F6A8E1 /* SubContentHomeViewController.swift in Sources */,
				04B555FB28BCB3320031EEE6 /* EnvironmentObjectExampleAViewController.swift in Sources */,
				04688FAA289178BC002F32D2 /* RestaurantDetailView.swift in Sources */,
				04383B5F28C71A5000989D2E /* CustomCameraExampleViewController.swift in Sources */,
				04A8288328D0B2EA00D92AAC /* ImageSimilarityViewController.swift in Sources */,
				04B5559C28B476ED0031EEE6 /* ChapterXXViewController.swift in Sources */,
				04A8289428D0B8BB00D92AAC /* SpacerExample.swift in Sources */,
				04B555E028BC99BB0031EEE6 /* JSONEncodeDecodeViewController.swift in Sources */,
				04688F942882D3C8002F32D2 /* ChapterVIView.swift in Sources */,
				042A7D9528C5DF0800F6A8E1 /* MVVMExampleView.swift in Sources */,
				044A4A0B28F071D100F79A94 /* SOAOOExampleViewModel.swift in Sources */,
			);
			runOnlyForDeploymentPostprocessing = 0;
		};
		041DC7F828811503003970A3 /* Sources */ = {
			isa = PBXSourcesBuildPhase;
			buildActionMask = 2147483647;
			files = (
				041DC80128811503003970A3 /* SHSwiftHybirdCodeTests.swift in Sources */,
			);
			runOnlyForDeploymentPostprocessing = 0;
		};
		041DC80228811503003970A3 /* Sources */ = {
			isa = PBXSourcesBuildPhase;
			buildActionMask = 2147483647;
			files = (
				041DC80D28811503003970A3 /* SHSwiftHybirdCodeUITestsLaunchTests.swift in Sources */,
				041DC80B28811503003970A3 /* SHSwiftHybirdCodeUITests.swift in Sources */,
			);
			runOnlyForDeploymentPostprocessing = 0;
		};
/* End PBXSourcesBuildPhase section */

/* Begin PBXTargetDependency section */
		041DC7FE28811503003970A3 /* PBXTargetDependency */ = {
			isa = PBXTargetDependency;
			target = 041DC7E528811502003970A3 /* SHSwiftHybirdCode */;
			targetProxy = 041DC7FD28811503003970A3 /* PBXContainerItemProxy */;
		};
		041DC80828811503003970A3 /* PBXTargetDependency */ = {
			isa = PBXTargetDependency;
			target = 041DC7E528811502003970A3 /* SHSwiftHybirdCode */;
			targetProxy = 041DC80728811503003970A3 /* PBXContainerItemProxy */;
		};
/* End PBXTargetDependency section */

/* Begin PBXVariantGroup section */
		041DC7F428811503003970A3 /* LaunchScreen.storyboard */ = {
			isa = PBXVariantGroup;
			children = (
				041DC7F528811503003970A3 /* Base */,
			);
			name = LaunchScreen.storyboard;
			sourceTree = "<group>";
		};
/* End PBXVariantGroup section */

/* Begin XCBuildConfiguration section */
		041DC80E28811503003970A3 /* Debug */ = {
			isa = XCBuildConfiguration;
			buildSettings = {
				ALWAYS_SEARCH_USER_PATHS = NO;
				CLANG_ANALYZER_NONNULL = YES;
				CLANG_ANALYZER_NUMBER_OBJECT_CONVERSION = YES_AGGRESSIVE;
				CLANG_CXX_LANGUAGE_STANDARD = "gnu++17";
				CLANG_ENABLE_MODULES = YES;
				CLANG_ENABLE_OBJC_ARC = YES;
				CLANG_ENABLE_OBJC_WEAK = YES;
				CLANG_WARN_BLOCK_CAPTURE_AUTORELEASING = YES;
				CLANG_WARN_BOOL_CONVERSION = YES;
				CLANG_WARN_COMMA = YES;
				CLANG_WARN_CONSTANT_CONVERSION = YES;
				CLANG_WARN_DEPRECATED_OBJC_IMPLEMENTATIONS = YES;
				CLANG_WARN_DIRECT_OBJC_ISA_USAGE = YES_ERROR;
				CLANG_WARN_DOCUMENTATION_COMMENTS = YES;
				CLANG_WARN_EMPTY_BODY = YES;
				CLANG_WARN_ENUM_CONVERSION = YES;
				CLANG_WARN_INFINITE_RECURSION = YES;
				CLANG_WARN_INT_CONVERSION = YES;
				CLANG_WARN_NON_LITERAL_NULL_CONVERSION = YES;
				CLANG_WARN_OBJC_IMPLICIT_RETAIN_SELF = YES;
				CLANG_WARN_OBJC_LITERAL_CONVERSION = YES;
				CLANG_WARN_OBJC_ROOT_CLASS = YES_ERROR;
				CLANG_WARN_QUOTED_INCLUDE_IN_FRAMEWORK_HEADER = YES;
				CLANG_WARN_RANGE_LOOP_ANALYSIS = YES;
				CLANG_WARN_STRICT_PROTOTYPES = YES;
				CLANG_WARN_SUSPICIOUS_MOVE = YES;
				CLANG_WARN_UNGUARDED_AVAILABILITY = YES_AGGRESSIVE;
				CLANG_WARN_UNREACHABLE_CODE = YES;
				CLANG_WARN__DUPLICATE_METHOD_MATCH = YES;
				COPY_PHASE_STRIP = NO;
				DEBUG_INFORMATION_FORMAT = dwarf;
				ENABLE_STRICT_OBJC_MSGSEND = YES;
				ENABLE_TESTABILITY = YES;
				GCC_C_LANGUAGE_STANDARD = gnu11;
				GCC_DYNAMIC_NO_PIC = NO;
				GCC_NO_COMMON_BLOCKS = YES;
				GCC_OPTIMIZATION_LEVEL = 0;
				GCC_PREPROCESSOR_DEFINITIONS = (
					"DEBUG=1",
					"$(inherited)",
				);
				GCC_WARN_64_TO_32_BIT_CONVERSION = YES;
				GCC_WARN_ABOUT_RETURN_TYPE = YES_ERROR;
				GCC_WARN_UNDECLARED_SELECTOR = YES;
				GCC_WARN_UNINITIALIZED_AUTOS = YES_AGGRESSIVE;
				GCC_WARN_UNUSED_FUNCTION = YES;
				GCC_WARN_UNUSED_VARIABLE = YES;
				IPHONEOS_DEPLOYMENT_TARGET = 15.5;
				MTL_ENABLE_DEBUG_INFO = INCLUDE_SOURCE;
				MTL_FAST_MATH = YES;
				ONLY_ACTIVE_ARCH = YES;
				SDKROOT = iphoneos;
				SWIFT_ACTIVE_COMPILATION_CONDITIONS = DEBUG;
				SWIFT_OPTIMIZATION_LEVEL = "-Onone";
			};
			name = Debug;
		};
		041DC80F28811503003970A3 /* Release */ = {
			isa = XCBuildConfiguration;
			buildSettings = {
				ALWAYS_SEARCH_USER_PATHS = NO;
				CLANG_ANALYZER_NONNULL = YES;
				CLANG_ANALYZER_NUMBER_OBJECT_CONVERSION = YES_AGGRESSIVE;
				CLANG_CXX_LANGUAGE_STANDARD = "gnu++17";
				CLANG_ENABLE_MODULES = YES;
				CLANG_ENABLE_OBJC_ARC = YES;
				CLANG_ENABLE_OBJC_WEAK = YES;
				CLANG_WARN_BLOCK_CAPTURE_AUTORELEASING = YES;
				CLANG_WARN_BOOL_CONVERSION = YES;
				CLANG_WARN_COMMA = YES;
				CLANG_WARN_CONSTANT_CONVERSION = YES;
				CLANG_WARN_DEPRECATED_OBJC_IMPLEMENTATIONS = YES;
				CLANG_WARN_DIRECT_OBJC_ISA_USAGE = YES_ERROR;
				CLANG_WARN_DOCUMENTATION_COMMENTS = YES;
				CLANG_WARN_EMPTY_BODY = YES;
				CLANG_WARN_ENUM_CONVERSION = YES;
				CLANG_WARN_INFINITE_RECURSION = YES;
				CLANG_WARN_INT_CONVERSION = YES;
				CLANG_WARN_NON_LITERAL_NULL_CONVERSION = YES;
				CLANG_WARN_OBJC_IMPLICIT_RETAIN_SELF = YES;
				CLANG_WARN_OBJC_LITERAL_CONVERSION = YES;
				CLANG_WARN_OBJC_ROOT_CLASS = YES_ERROR;
				CLANG_WARN_QUOTED_INCLUDE_IN_FRAMEWORK_HEADER = YES;
				CLANG_WARN_RANGE_LOOP_ANALYSIS = YES;
				CLANG_WARN_STRICT_PROTOTYPES = YES;
				CLANG_WARN_SUSPICIOUS_MOVE = YES;
				CLANG_WARN_UNGUARDED_AVAILABILITY = YES_AGGRESSIVE;
				CLANG_WARN_UNREACHABLE_CODE = YES;
				CLANG_WARN__DUPLICATE_METHOD_MATCH = YES;
				COPY_PHASE_STRIP = NO;
				DEBUG_INFORMATION_FORMAT = "dwarf-with-dsym";
				ENABLE_NS_ASSERTIONS = NO;
				ENABLE_STRICT_OBJC_MSGSEND = YES;
				GCC_C_LANGUAGE_STANDARD = gnu11;
				GCC_NO_COMMON_BLOCKS = YES;
				GCC_WARN_64_TO_32_BIT_CONVERSION = YES;
				GCC_WARN_ABOUT_RETURN_TYPE = YES_ERROR;
				GCC_WARN_UNDECLARED_SELECTOR = YES;
				GCC_WARN_UNINITIALIZED_AUTOS = YES_AGGRESSIVE;
				GCC_WARN_UNUSED_FUNCTION = YES;
				GCC_WARN_UNUSED_VARIABLE = YES;
				IPHONEOS_DEPLOYMENT_TARGET = 15.5;
				MTL_ENABLE_DEBUG_INFO = NO;
				MTL_FAST_MATH = YES;
				SDKROOT = iphoneos;
				SWIFT_COMPILATION_MODE = wholemodule;
				SWIFT_OPTIMIZATION_LEVEL = "-O";
				VALIDATE_PRODUCT = YES;
			};
			name = Release;
		};
		041DC81128811503003970A3 /* Debug */ = {
			isa = XCBuildConfiguration;
			buildSettings = {
				ASSETCATALOG_COMPILER_APPICON_NAME = AppIcon;
				ASSETCATALOG_COMPILER_GLOBAL_ACCENT_COLOR_NAME = AccentColor;
				CODE_SIGN_STYLE = Automatic;
				CURRENT_PROJECT_VERSION = 1;
				DEVELOPMENT_TEAM = DU98VK6D82;
				GENERATE_INFOPLIST_FILE = YES;
				INFOPLIST_FILE = SHSwiftHybirdCode/Info.plist;
				INFOPLIST_KEY_NSCameraUsageDescription = "The app will use camera";
				INFOPLIST_KEY_NSPhotoLibraryUsageDescription = "The app will use photo library";
				INFOPLIST_KEY_UIApplicationSupportsIndirectInputEvents = YES;
				INFOPLIST_KEY_UILaunchStoryboardName = LaunchScreen;
				INFOPLIST_KEY_UISupportedInterfaceOrientations = "UIInterfaceOrientationPortrait UIInterfaceOrientationPortraitUpsideDown";
				IPHONEOS_DEPLOYMENT_TARGET = 15.0;
				LD_RUNPATH_SEARCH_PATHS = (
					"$(inherited)",
					"@executable_path/Frameworks",
				);
				MARKETING_VERSION = 1.0;
				PRODUCT_BUNDLE_IDENTIFIER = com.swein.SHSwiftHybirdCode;
				PRODUCT_NAME = "$(TARGET_NAME)";
				SWIFT_EMIT_LOC_STRINGS = YES;
				SWIFT_VERSION = 5.0;
				TARGETED_DEVICE_FAMILY = "1,2";
			};
			name = Debug;
		};
		041DC81228811503003970A3 /* Release */ = {
			isa = XCBuildConfiguration;
			buildSettings = {
				ASSETCATALOG_COMPILER_APPICON_NAME = AppIcon;
				ASSETCATALOG_COMPILER_GLOBAL_ACCENT_COLOR_NAME = AccentColor;
				CODE_SIGN_STYLE = Automatic;
				CURRENT_PROJECT_VERSION = 1;
				DEVELOPMENT_TEAM = DU98VK6D82;
				GENERATE_INFOPLIST_FILE = YES;
				INFOPLIST_FILE = SHSwiftHybirdCode/Info.plist;
				INFOPLIST_KEY_NSCameraUsageDescription = "The app will use camera";
				INFOPLIST_KEY_NSPhotoLibraryUsageDescription = "The app will use photo library";
				INFOPLIST_KEY_UIApplicationSupportsIndirectInputEvents = YES;
				INFOPLIST_KEY_UILaunchStoryboardName = LaunchScreen;
				INFOPLIST_KEY_UISupportedInterfaceOrientations = "UIInterfaceOrientationPortrait UIInterfaceOrientationPortraitUpsideDown";
				IPHONEOS_DEPLOYMENT_TARGET = 15.0;
				LD_RUNPATH_SEARCH_PATHS = (
					"$(inherited)",
					"@executable_path/Frameworks",
				);
				MARKETING_VERSION = 1.0;
				PRODUCT_BUNDLE_IDENTIFIER = com.swein.SHSwiftHybirdCode;
				PRODUCT_NAME = "$(TARGET_NAME)";
				SWIFT_EMIT_LOC_STRINGS = YES;
				SWIFT_VERSION = 5.0;
				TARGETED_DEVICE_FAMILY = "1,2";
			};
			name = Release;
		};
		041DC81428811503003970A3 /* Debug */ = {
			isa = XCBuildConfiguration;
			buildSettings = {
				ALWAYS_EMBED_SWIFT_STANDARD_LIBRARIES = YES;
				BUNDLE_LOADER = "$(TEST_HOST)";
				CODE_SIGN_STYLE = Automatic;
				CURRENT_PROJECT_VERSION = 1;
				DEVELOPMENT_TEAM = DU98VK6D82;
				GENERATE_INFOPLIST_FILE = YES;
				IPHONEOS_DEPLOYMENT_TARGET = 15.5;
				MARKETING_VERSION = 1.0;
				PRODUCT_BUNDLE_IDENTIFIER = com.swein.SHSwiftHybirdCodeTests;
				PRODUCT_NAME = "$(TARGET_NAME)";
				SWIFT_EMIT_LOC_STRINGS = NO;
				SWIFT_VERSION = 5.0;
				TARGETED_DEVICE_FAMILY = "1,2";
				TEST_HOST = "$(BUILT_PRODUCTS_DIR)/SHSwiftHybirdCode.app/SHSwiftHybirdCode";
			};
			name = Debug;
		};
		041DC81528811503003970A3 /* Release */ = {
			isa = XCBuildConfiguration;
			buildSettings = {
				ALWAYS_EMBED_SWIFT_STANDARD_LIBRARIES = YES;
				BUNDLE_LOADER = "$(TEST_HOST)";
				CODE_SIGN_STYLE = Automatic;
				CURRENT_PROJECT_VERSION = 1;
				DEVELOPMENT_TEAM = DU98VK6D82;
				GENERATE_INFOPLIST_FILE = YES;
				IPHONEOS_DEPLOYMENT_TARGET = 15.5;
				MARKETING_VERSION = 1.0;
				PRODUCT_BUNDLE_IDENTIFIER = com.swein.SHSwiftHybirdCodeTests;
				PRODUCT_NAME = "$(TARGET_NAME)";
				SWIFT_EMIT_LOC_STRINGS = NO;
				SWIFT_VERSION = 5.0;
				TARGETED_DEVICE_FAMILY = "1,2";
				TEST_HOST = "$(BUILT_PRODUCTS_DIR)/SHSwiftHybirdCode.app/SHSwiftHybirdCode";
			};
			name = Release;
		};
		041DC81728811503003970A3 /* Debug */ = {
			isa = XCBuildConfiguration;
			buildSettings = {
				ALWAYS_EMBED_SWIFT_STANDARD_LIBRARIES = YES;
				CODE_SIGN_STYLE = Automatic;
				CURRENT_PROJECT_VERSION = 1;
				DEVELOPMENT_TEAM = DU98VK6D82;
				GENERATE_INFOPLIST_FILE = YES;
				MARKETING_VERSION = 1.0;
				PRODUCT_BUNDLE_IDENTIFIER = com.swein.SHSwiftHybirdCodeUITests;
				PRODUCT_NAME = "$(TARGET_NAME)";
				SWIFT_EMIT_LOC_STRINGS = NO;
				SWIFT_VERSION = 5.0;
				TARGETED_DEVICE_FAMILY = "1,2";
				TEST_TARGET_NAME = SHSwiftHybirdCode;
			};
			name = Debug;
		};
		041DC81828811503003970A3 /* Release */ = {
			isa = XCBuildConfiguration;
			buildSettings = {
				ALWAYS_EMBED_SWIFT_STANDARD_LIBRARIES = YES;
				CODE_SIGN_STYLE = Automatic;
				CURRENT_PROJECT_VERSION = 1;
				DEVELOPMENT_TEAM = DU98VK6D82;
				GENERATE_INFOPLIST_FILE = YES;
				MARKETING_VERSION = 1.0;
				PRODUCT_BUNDLE_IDENTIFIER = com.swein.SHSwiftHybirdCodeUITests;
				PRODUCT_NAME = "$(TARGET_NAME)";
				SWIFT_EMIT_LOC_STRINGS = NO;
				SWIFT_VERSION = 5.0;
				TARGETED_DEVICE_FAMILY = "1,2";
				TEST_TARGET_NAME = SHSwiftHybirdCode;
			};
			name = Release;
		};
/* End XCBuildConfiguration section */

/* Begin XCConfigurationList section */
		041DC7E128811502003970A3 /* Build configuration list for PBXProject "SHSwiftHybirdCode" */ = {
			isa = XCConfigurationList;
			buildConfigurations = (
				041DC80E28811503003970A3 /* Debug */,
				041DC80F28811503003970A3 /* Release */,
			);
			defaultConfigurationIsVisible = 0;
			defaultConfigurationName = Release;
		};
		041DC81028811503003970A3 /* Build configuration list for PBXNativeTarget "SHSwiftHybirdCode" */ = {
			isa = XCConfigurationList;
			buildConfigurations = (
				041DC81128811503003970A3 /* Debug */,
				041DC81228811503003970A3 /* Release */,
			);
			defaultConfigurationIsVisible = 0;
			defaultConfigurationName = Release;
		};
		041DC81328811503003970A3 /* Build configuration list for PBXNativeTarget "SHSwiftHybirdCodeTests" */ = {
			isa = XCConfigurationList;
			buildConfigurations = (
				041DC81428811503003970A3 /* Debug */,
				041DC81528811503003970A3 /* Release */,
			);
			defaultConfigurationIsVisible = 0;
			defaultConfigurationName = Release;
		};
		041DC81628811503003970A3 /* Build configuration list for PBXNativeTarget "SHSwiftHybirdCodeUITests" */ = {
			isa = XCConfigurationList;
			buildConfigurations = (
				041DC81728811503003970A3 /* Debug */,
				041DC81828811503003970A3 /* Release */,
			);
			defaultConfigurationIsVisible = 0;
			defaultConfigurationName = Release;
		};
/* End XCConfigurationList section */
	};
	rootObject = 041DC7DE28811502003970A3 /* Project object */;
}
